
Microsoft Visual Studio Solution File, Format Version 12.00
# Visual Studio Version 17
VisualStudioVersion = 17.1.32407.343
MinimumVisualStudioVersion = 10.0.40219.1
Project("{9A19103F-16F7-4668-BE54-9A1E7A4F7556}") = "Utilities", "Utilities\Utilities.csproj", "{F319106E-631D-499D-9A50-BCCFECF06678}"
EndProject
Project("{9A19103F-16F7-4668-BE54-9A1E7A4F7556}") = "Executable", "Executable\Executable.csproj", "{37569A84-C859-4778-B525-997EE5C7D549}"
EndProject
Project("{FAE04EC0-301F-11D3-BF4B-00C04F79EFBC}") = "MSCAcademy.Week3.Day4", "MSCAcademy.Week3.Day4\MSCAcademy.Week3.Day4.csproj", "{AD2A1E44-803E-49C4-9956-7F3C966609CF}"
EndProject
Global
	GlobalSection(SolutionConfigurationPlatforms) = preSolution
		Debug|Any CPU = Debug|Any CPU
		Release|Any CPU = Release|Any CPU
	EndGlobalSection
	GlobalSection(ProjectConfigurationPlatforms) = postSolution
		{F319106E-631D-499D-9A50-BCCFECF06678}.Debug|Any CPU.ActiveCfg = Debug|Any CPU
		{F319106E-631D-499D-9A50-BCCFECF06678}.Debug|Any CPU.Build.0 = Debug|Any CPU
		{F319106E-631D-499D-9A50-BCCFECF06678}.Release|Any CPU.ActiveCfg = Release|Any CPU
		{F319106E-631D-499D-9A50-BCCFECF06678}.Release|Any CPU.Build.0 = Release|Any CPU
		{37569A84-C859-4778-B525-997EE5C7D549}.Debug|Any CPU.ActiveCfg = Debug|Any CPU
		{37569A84-C859-4778-B525-997EE5C7D549}.Debug|Any CPU.Build.0 = Debug|Any CPU
		{37569A84-C859-4778-B525-997EE5C7D549}.Release|Any CPU.ActiveCfg = Release|Any CPU
		{37569A84-C859-4778-B525-997EE5C7D549}.Release|Any CPU.Build.0 = Release|Any CPU
		{AD2A1E44-803E-49C4-9956-7F3C966609CF}.Debug|Any CPU.ActiveCfg = Debug|Any CPU
		{AD2A1E44-803E-49C4-9956-7F3C966609CF}.Debug|Any CPU.Build.0 = Debug|Any CPU
		{AD2A1E44-803E-49C4-9956-7F3C966609CF}.Release|Any CPU.ActiveCfg = Release|Any CPU
		{AD2A1E44-803E-49C4-9956-7F3C966609CF}.Release|Any CPU.Build.0 = Release|Any CPU
	EndGlobalSection
	GlobalSection(SolutionProperties) = preSolution
		HideSolutionNode = FALSE
	EndGlobalSection
	GlobalSection(ExtensibilityGlobals) = postSolution
		SolutionGuid = {E9D10F05-9DFC-447C-AAE9-684B0AB8E937}
	EndGlobalSection
EndGlobal
